github.com/ecnepsnai/logtic v0.0.0-20190917002807-b92ba84ed2d6 h1:1Yqm8jj27/V1TYHUWaoGFLI3yl3CEzDbhqc95W0clf0=
github.com/ecnepsnai/logtic v0.0.0-20190917002807-b92ba84ed2d6/go.mod h1:QEp/AvuChZfqxoLsiduYTcCN+oHhnoV4f8susDmz/XY=
github.com/ecnepsnai/logtic v0.0.0-20191215062146-87b469790068 h1:K4XZ97QIFWa2MVDwrFmCyR4FJoNcJEULjhXbNObT5SM=
github.com/ecnepsnai/logtic v0.0.0-20191215062146-87b469790068/go.mod h1:QEp/AvuChZfqxoLsiduYTcCN+oHhnoV4f8susDmz/XY=
github.com/ecnepsnai/logtic v1.3.1 h1:T6EG3M/2GTjDq2j4X5r/ucfJjGop9VfOWFLcJUSBOaE=
github.com/ecnepsnai/logtic v1.3.1/go.mod h1:QEp/AvuChZfqxoLsiduYTcCN+oHhnoV4f8susDmz/XY=
github.com/etcd-io/bbolt v1.3.3 h1:gSJmxrs37LgTqR/oyJBWok6k6SvXEUerFTbltIhXkBM=
github.com/etcd-io/bbolt v1.3.3/go.mod h1:ZF2nL25h33cCyBtcyWeZ2/I3HQOfTP+0PIEvHjkjCrw=
github.com/fatih/color v1.7.0 h1:DkWD4oS2D8LGGgTQ6IvwJJXSL5Vp2ffcQg58nFV38Ys=
github.com/fatih/color v1.7.0/go.mod h1:Zm6kSWBoL9eyXnKyktHP6abPY2pDugNf5KwzbycvMj4=
github.com/mattn/go-colorable v0.0.9 h1:UVL0vNpWh04HeJXV0KLcaT7r06gOH2l4OW6ddYRUIY4=
github.com/mattn/go-colorable v0.0.9/go.mod h1:9vuHe8Xs5qXnSaW/c/ABM9alt+Vo+STaOChaDxuIBZU=
github.com/mattn/go-isatty v0.0.4 h1:bnP0vzxcAdeI1zdubAl5PjU6zsERjGZb7raWodagDYs=
github.com/mattn/go-isatty v0.0.4/go.mod h1:M+lRXTBqGeGNdLjl/ufCoiOlB5xdOkqRJdNxMWT7Zi4=
go.etcd.io/bbolt v1.3.3 h1:MUGmc65QhB3pIlaQ5bB4LwqSj6GIonVJXpZiaKNyaKk=
go.etcd.io/bbolt v1.3.3/go.mod h1:IbVyRI1SCnLcuJnV2u8VeU0CEYM7e686BmAb1XKL+uU=
golang.org/x/sys v0.0.0-20181218192612-074acd46bca6 h1:MXtOG7w2ND9qNCUZSDBGll/SpVIq7ftozR9I8/JGBHY=
golang.org/x/sys v0.0.0-20181218192612-074acd46bca6/go.mod h1:STP8DvDyc/dI5b8T5hshtkjS+E42TnysNCUPdjciGhY=
